
Microsoft Visual Studio Solution File, Format Version 12.00
# Visual Studio Version 17
VisualStudioVersion = 17.10.34928.147
MinimumVisualStudioVersion = 10.0.40219.1
Project("{FAE04EC0-301F-11D3-BF4B-00C04F79EFBC}") = "Order Processing Serverless in aws", "Order Processing Serverless in aws\Order Processing Serverless in aws.csproj", "{8C3FEE50-A61B-44A3-A74B-2CB9715574DA}"
EndProject
Project("{FAE04EC0-301F-11D3-BF4B-00C04F79EFBC}") = "OrderApi", "OrderApi\OrderApi.csproj", "{NEW_PROJECT_GUID}"
EndProject
Global
	GlobalSection(SolutionConfigurationPlatforms) = preSolution
		Debug|Any CPU = Debug|Any CPU
		Release|Any CPU = Release|Any CPU
	EndGlobalSection
	GlobalSection(ProjectConfigurationPlatforms) = postSolution
		{8C3FEE50-A61B-44A3-A74B-2CB9715574DA}.Debug|Any CPU.ActiveCfg = Debug|Any CPU
		{8C3FEE50-A61B-44A3-A74B-2CB9715574DA}.Debug|Any CPU.Build.0 = Debug|Any CPU
		{8C3FEE50-A61B-44A3-A74B-2CB9715574DA}.Release|Any CPU.ActiveCfg = Release|Any CPU
		{8C3FEE50-A61B-44A3-A74B-2CB9715574DA}.Release|Any CPU.Build.0 = Release|Any CPU
	EndGlobalSection
	GlobalSection(SolutionProperties) = preSolution
		HideSolutionNode = FALSE
	EndGlobalSection
	GlobalSection(ExtensibilityGlobals) = postSolution
		SolutionGuid = {7B3ECAE3-D226-4779-AF88-A8B8FAF901B0}
	EndGlobalSection
EndGlobal
